
Microsoft Visual Studio Solution File, Format Version 12.00
# Visual Studio Version 17
VisualStudioVersion = 17.2.32616.157
MinimumVisualStudioVersion = 10.0.40219.1
Project("{FAE04EC0-301F-11D3-BF4B-00C04F79EFBC}") = "CSharp-assignment-4( GUI Inventory form)", "CSharp-assignment-4( GUI Inventory form)\CSharp-assignment-4( GUI Inventory form).csproj", "{879C4C18-B242-4413-AD92-3B9D1F86C794}"
EndProject
Global
	GlobalSection(SolutionConfigurationPlatforms) = preSolution
		Debug|Any CPU = Debug|Any CPU
		Release|Any CPU = Release|Any CPU
	EndGlobalSection
	GlobalSection(ProjectConfigurationPlatforms) = postSolution
		{879C4C18-B242-4413-AD92-3B9D1F86C794}.Debug|Any CPU.ActiveCfg = Debug|Any CPU
		{879C4C18-B242-4413-AD92-3B9D1F86C794}.Debug|Any CPU.Build.0 = Debug|Any CPU
		{879C4C18-B242-4413-AD92-3B9D1F86C794}.Release|Any CPU.ActiveCfg = Release|Any CPU
		{879C4C18-B242-4413-AD92-3B9D1F86C794}.Release|Any CPU.Build.0 = Release|Any CPU
	EndGlobalSection
	GlobalSection(SolutionProperties) = preSolution
		HideSolutionNode = FALSE
	EndGlobalSection
	GlobalSection(ExtensibilityGlobals) = postSolution
		SolutionGuid = {215C7929-A0E9-445F-9A99-7B55559F03D5}
	EndGlobalSection
EndGlobal
